
Microsoft Visual Studio Solution File, Format Version 12.00
# Visual Studio 15
VisualStudioVersion = 15.0.26730.16
MinimumVisualStudioVersion = 10.0.40219.1
Project("{FAE04EC0-301F-11D3-BF4B-00C04F79EFBC}") = "W10Home.IoTCoreApp", "W10Home.IoTApp\W10Home.IoTCoreApp.csproj", "{88D70CF5-DA46-4568-8055-2DC337144B33}"
EndProject
Project("{FAE04EC0-301F-11D3-BF4B-00C04F79EFBC}") = "W10Home.DesktopApp", "W10Home.DesktopApp\W10Home.DesktopApp.csproj", "{7B1D6F05-331A-4A91-9EA3-AB4125AAAC5E}"
EndProject
Project("{D954291E-2A0B-460D-934E-DC6B0785DB48}") = "W10Home.App.Shared", "W10Home.App.Shared\W10Home.App.Shared.shproj", "{7152D6D1-CCC8-425F-B260-A8472B43C79A}"
EndProject
Project("{9A19103F-16F7-4668-BE54-9A1E7A4F7556}") = "W10Home.Core", "W10Home.Core\W10Home.Core.csproj", "{C3C103FF-8993-420D-8F50-979ECA9C7D73}"
EndProject
Project("{9A19103F-16F7-4668-BE54-9A1E7A4F7556}") = "IoTHs.Api.Shared", "..\DevicePortal\IoTHs.Api.Shared\IoTHs.Api.Shared.csproj", "{5BA69DBC-184E-451B-AFC7-90C6A7A0D0C4}"
EndProject
Project("{9A19103F-16F7-4668-BE54-9A1E7A4F7556}") = "IoTHs.Devices.Interfaces", "IoTHs.Devices.Interfaces\IoTHs.Devices.Interfaces.csproj", "{000C0E13-FBE4-4815-B30B-35ADE072E45F}"
EndProject
Project("{FAE04EC0-301F-11D3-BF4B-00C04F79EFBC}") = "IoTHs.Plugin.HomeMatic", "W10Home.Plugin.HomeMatic\IoTHs.Plugin.HomeMatic.csproj", "{B500EB85-8A90-45BC-AA6E-448DABB187CC}"
EndProject
Project("{9A19103F-16F7-4668-BE54-9A1E7A4F7556}") = "IoTHs.Plugin.Twilio", "IoTHs.Plugin.Twilio\IoTHs.Plugin.Twilio.csproj", "{213D13F8-91BF-4EEF-AC5E-53F37B631810}"
EndProject
Project("{FAE04EC0-301F-11D3-BF4B-00C04F79EFBC}") = "IoTHs.Plugin.ABUS.SecVest", "IoTHs.Plugin.ABUS.SecVest\IoTHs.Plugin.ABUS.SecVest.csproj", "{0ACAF795-9493-4251-AE48-2A11EDC483BA}"
EndProject
Project("{FAE04EC0-301F-11D3-BF4B-00C04F79EFBC}") = "IoTHs.Plugin.AzureIoTHub", "IoTHs.Plugin.AzureIoTHub\IoTHs.Plugin.AzureIoTHub.csproj", "{7BE70B2C-FD65-4769-A810-F8681E4478E4}"
EndProject
Project("{FAE04EC0-301F-11D3-BF4B-00C04F79EFBC}") = "IoTHs.Plugin.ETATouch", "IoTHs.Plugin.ETATouch\IoTHs.Plugin.ETATouch.csproj", "{7F92BD3F-114B-431A-9B00-48AA60D22EAD}"
EndProject
Project("{FAE04EC0-301F-11D3-BF4B-00C04F79EFBC}") = "IoTHs.Plugin.MqttClient", "IoTHs.Plugin.MqttClient\IoTHs.Plugin.MqttClient.csproj", "{174A9F97-1DD6-4D50-8CD4-2052C525EF5A}"
EndProject
Global
	GlobalSection(SharedMSBuildProjectFiles) = preSolution
		W10Home.App.Shared\W10Home.App.Shared.projitems*{7152d6d1-ccc8-425f-b260-a8472b43c79a}*SharedItemsImports = 13
		W10Home.App.Shared\W10Home.App.Shared.projitems*{7b1d6f05-331a-4a91-9ea3-ab4125aaac5e}*SharedItemsImports = 4
		W10Home.App.Shared\W10Home.App.Shared.projitems*{88d70cf5-da46-4568-8055-2dc337144b33}*SharedItemsImports = 4
	EndGlobalSection
	GlobalSection(SolutionConfigurationPlatforms) = preSolution
		Debug|Any CPU = Debug|Any CPU
		Debug|ARM = Debug|ARM
		Debug|x64 = Debug|x64
		Debug|x86 = Debug|x86
		Release|Any CPU = Release|Any CPU
		Release|ARM = Release|ARM
		Release|x64 = Release|x64
		Release|x86 = Release|x86
	EndGlobalSection
	GlobalSection(ProjectConfigurationPlatforms) = postSolution
		{88D70CF5-DA46-4568-8055-2DC337144B33}.Debug|Any CPU.ActiveCfg = Debug|ARM
		{88D70CF5-DA46-4568-8055-2DC337144B33}.Debug|Any CPU.Build.0 = Debug|ARM
		{88D70CF5-DA46-4568-8055-2DC337144B33}.Debug|Any CPU.Deploy.0 = Debug|ARM
		{88D70CF5-DA46-4568-8055-2DC337144B33}.Debug|ARM.ActiveCfg = Debug|ARM
		{88D70CF5-DA46-4568-8055-2DC337144B33}.Debug|ARM.Build.0 = Debug|ARM
		{88D70CF5-DA46-4568-8055-2DC337144B33}.Debug|ARM.Deploy.0 = Debug|ARM
		{88D70CF5-DA46-4568-8055-2DC337144B33}.Debug|x64.ActiveCfg = Debug|x64
		{88D70CF5-DA46-4568-8055-2DC337144B33}.Debug|x64.Build.0 = Debug|x64
		{88D70CF5-DA46-4568-8055-2DC337144B33}.Debug|x86.ActiveCfg = Debug|x86
		{88D70CF5-DA46-4568-8055-2DC337144B33}.Debug|x86.Build.0 = Debug|x86
		{88D70CF5-DA46-4568-8055-2DC337144B33}.Debug|x86.Deploy.0 = Debug|x86
		{88D70CF5-DA46-4568-8055-2DC337144B33}.Release|Any CPU.ActiveCfg = Release|x86
		{88D70CF5-DA46-4568-8055-2DC337144B33}.Release|ARM.ActiveCfg = Release|ARM
		{88D70CF5-DA46-4568-8055-2DC337144B33}.Release|ARM.Build.0 = Release|ARM
		{88D70CF5-DA46-4568-8055-2DC337144B33}.Release|ARM.Deploy.0 = Release|ARM
		{88D70CF5-DA46-4568-8055-2DC337144B33}.Release|x64.ActiveCfg = Release|x64
		{88D70CF5-DA46-4568-8055-2DC337144B33}.Release|x64.Build.0 = Release|x64
		{88D70CF5-DA46-4568-8055-2DC337144B33}.Release|x64.Deploy.0 = Release|x64
		{88D70CF5-DA46-4568-8055-2DC337144B33}.Release|x86.ActiveCfg = Release|x86
		{88D70CF5-DA46-4568-8055-2DC337144B33}.Release|x86.Build.0 = Release|x86
		{88D70CF5-DA46-4568-8055-2DC337144B33}.Release|x86.Deploy.0 = Release|x86
		{7B1D6F05-331A-4A91-9EA3-AB4125AAAC5E}.Debug|Any CPU.ActiveCfg = Debug|x86
		{7B1D6F05-331A-4A91-9EA3-AB4125AAAC5E}.Debug|Any CPU.Build.0 = Debug|x86
		{7B1D6F05-331A-4A91-9EA3-AB4125AAAC5E}.Debug|ARM.ActiveCfg = Debug|ARM
		{7B1D6F05-331A-4A91-9EA3-AB4125AAAC5E}.Debug|ARM.Build.0 = Debug|ARM
		{7B1D6F05-331A-4A91-9EA3-AB4125AAAC5E}.Debug|x64.ActiveCfg = Debug|x64
		{7B1D6F05-331A-4A91-9EA3-AB4125AAAC5E}.Debug|x64.Build.0 = Debug|x64
		{7B1D6F05-331A-4A91-9EA3-AB4125AAAC5E}.Debug|x64.Deploy.0 = Debug|x64
		{7B1D6F05-331A-4A91-9EA3-AB4125AAAC5E}.Debug|x86.ActiveCfg = Debug|x86
		{7B1D6F05-331A-4A91-9EA3-AB4125AAAC5E}.Debug|x86.Build.0 = Debug|x86
		{7B1D6F05-331A-4A91-9EA3-AB4125AAAC5E}.Debug|x86.Deploy.0 = Debug|x86
		{7B1D6F05-331A-4A91-9EA3-AB4125AAAC5E}.Release|Any CPU.ActiveCfg = Release|x86
		{7B1D6F05-331A-4A91-9EA3-AB4125AAAC5E}.Release|ARM.ActiveCfg = Release|ARM
		{7B1D6F05-331A-4A91-9EA3-AB4125AAAC5E}.Release|x64.ActiveCfg = Release|x64
		{7B1D6F05-331A-4A91-9EA3-AB4125AAAC5E}.Release|x86.ActiveCfg = Release|x86
		{C3C103FF-8993-420D-8F50-979ECA9C7D73}.Debug|Any CPU.ActiveCfg = Debug|Any CPU
		{C3C103FF-8993-420D-8F50-979ECA9C7D73}.Debug|Any CPU.Build.0 = Debug|Any CPU
		{C3C103FF-8993-420D-8F50-979ECA9C7D73}.Debug|ARM.ActiveCfg = Debug|Any CPU
		{C3C103FF-8993-420D-8F50-979ECA9C7D73}.Debug|ARM.Build.0 = Debug|Any CPU
		{C3C103FF-8993-420D-8F50-979ECA9C7D73}.Debug|x64.ActiveCfg = Debug|Any CPU
		{C3C103FF-8993-420D-8F50-979ECA9C7D73}.Debug|x64.Build.0 = Debug|Any CPU
		{C3C103FF-8993-420D-8F50-979ECA9C7D73}.Debug|x86.ActiveCfg = Debug|Any CPU
		{C3C103FF-8993-420D-8F50-979ECA9C7D73}.Debug|x86.Build.0 = Debug|Any CPU
		{C3C103FF-8993-420D-8F50-979ECA9C7D73}.Release|Any CPU.ActiveCfg = Release|Any CPU
		{C3C103FF-8993-420D-8F50-979ECA9C7D73}.Release|Any CPU.Build.0 = Release|Any CPU
		{C3C103FF-8993-420D-8F50-979ECA9C7D73}.Release|ARM.ActiveCfg = Release|Any CPU
		{C3C103FF-8993-420D-8F50-979ECA9C7D73}.Release|ARM.Build.0 = Release|Any CPU
		{C3C103FF-8993-420D-8F50-979ECA9C7D73}.Release|x64.ActiveCfg = Release|Any CPU
		{C3C103FF-8993-420D-8F50-979ECA9C7D73}.Release|x64.Build.0 = Release|Any CPU
		{C3C103FF-8993-420D-8F50-979ECA9C7D73}.Release|x86.ActiveCfg = Release|Any CPU
		{C3C103FF-8993-420D-8F50-979ECA9C7D73}.Release|x86.Build.0 = Release|Any CPU
		{5BA69DBC-184E-451B-AFC7-90C6A7A0D0C4}.Debug|Any CPU.ActiveCfg = Debug|Any CPU
		{5BA69DBC-184E-451B-AFC7-90C6A7A0D0C4}.Debug|Any CPU.Build.0 = Debug|Any CPU
		{5BA69DBC-184E-451B-AFC7-90C6A7A0D0C4}.Debug|ARM.ActiveCfg = Debug|Any CPU
		{5BA69DBC-184E-451B-AFC7-90C6A7A0D0C4}.Debug|ARM.Build.0 = Debug|Any CPU
		{5BA69DBC-184E-451B-AFC7-90C6A7A0D0C4}.Debug|x64.ActiveCfg = Debug|Any CPU
		{5BA69DBC-184E-451B-AFC7-90C6A7A0D0C4}.Debug|x64.Build.0 = Debug|Any CPU
		{5BA69DBC-184E-451B-AFC7-90C6A7A0D0C4}.Debug|x86.ActiveCfg = Debug|Any CPU
		{5BA69DBC-184E-451B-AFC7-90C6A7A0D0C4}.Debug|x86.Build.0 = Debug|Any CPU
		{5BA69DBC-184E-451B-AFC7-90C6A7A0D0C4}.Release|Any CPU.ActiveCfg = Release|Any CPU
		{5BA69DBC-184E-451B-AFC7-90C6A7A0D0C4}.Release|Any CPU.Build.0 = Release|Any CPU
		{5BA69DBC-184E-451B-AFC7-90C6A7A0D0C4}.Release|ARM.ActiveCfg = Release|Any CPU
		{5BA69DBC-184E-451B-AFC7-90C6A7A0D0C4}.Release|ARM.Build.0 = Release|Any CPU
		{5BA69DBC-184E-451B-AFC7-90C6A7A0D0C4}.Release|x64.ActiveCfg = Release|Any CPU
		{5BA69DBC-184E-451B-AFC7-90C6A7A0D0C4}.Release|x64.Build.0 = Release|Any CPU
		{5BA69DBC-184E-451B-AFC7-90C6A7A0D0C4}.Release|x86.ActiveCfg = Release|Any CPU
		{5BA69DBC-184E-451B-AFC7-90C6A7A0D0C4}.Release|x86.Build.0 = Release|Any CPU
		{000C0E13-FBE4-4815-B30B-35ADE072E45F}.Debug|Any CPU.ActiveCfg = Debug|Any CPU
		{000C0E13-FBE4-4815-B30B-35ADE072E45F}.Debug|Any CPU.Build.0 = Debug|Any CPU
		{000C0E13-FBE4-4815-B30B-35ADE072E45F}.Debug|ARM.ActiveCfg = Debug|Any CPU
		{000C0E13-FBE4-4815-B30B-35ADE072E45F}.Debug|ARM.Build.0 = Debug|Any CPU
		{000C0E13-FBE4-4815-B30B-35ADE072E45F}.Debug|x64.ActiveCfg = Debug|Any CPU
		{000C0E13-FBE4-4815-B30B-35ADE072E45F}.Debug|x64.Build.0 = Debug|Any CPU
		{000C0E13-FBE4-4815-B30B-35ADE072E45F}.Debug|x86.ActiveCfg = Debug|Any CPU
		{000C0E13-FBE4-4815-B30B-35ADE072E45F}.Debug|x86.Build.0 = Debug|Any CPU
		{000C0E13-FBE4-4815-B30B-35ADE072E45F}.Release|Any CPU.ActiveCfg = Release|Any CPU
		{000C0E13-FBE4-4815-B30B-35ADE072E45F}.Release|Any CPU.Build.0 = Release|Any CPU
		{000C0E13-FBE4-4815-B30B-35ADE072E45F}.Release|ARM.ActiveCfg = Release|Any CPU
		{000C0E13-FBE4-4815-B30B-35ADE072E45F}.Release|ARM.Build.0 = Release|Any CPU
		{000C0E13-FBE4-4815-B30B-35ADE072E45F}.Release|x64.ActiveCfg = Release|Any CPU
		{000C0E13-FBE4-4815-B30B-35ADE072E45F}.Release|x64.Build.0 = Release|Any CPU
		{000C0E13-FBE4-4815-B30B-35ADE072E45F}.Release|x86.ActiveCfg = Release|Any CPU
		{000C0E13-FBE4-4815-B30B-35ADE072E45F}.Release|x86.Build.0 = Release|Any CPU
		{B500EB85-8A90-45BC-AA6E-448DABB187CC}.Debug|Any CPU.ActiveCfg = Debug|Any CPU
		{B500EB85-8A90-45BC-AA6E-448DABB187CC}.Debug|Any CPU.Build.0 = Debug|Any CPU
		{B500EB85-8A90-45BC-AA6E-448DABB187CC}.Debug|ARM.ActiveCfg = Debug|ARM
		{B500EB85-8A90-45BC-AA6E-448DABB187CC}.Debug|ARM.Build.0 = Debug|ARM
		{B500EB85-8A90-45BC-AA6E-448DABB187CC}.Debug|x64.ActiveCfg = Debug|x64
		{B500EB85-8A90-45BC-AA6E-448DABB187CC}.Debug|x64.Build.0 = Debug|x64
		{B500EB85-8A90-45BC-AA6E-448DABB187CC}.Debug|x86.ActiveCfg = Debug|x86
		{B500EB85-8A90-45BC-AA6E-448DABB187CC}.Debug|x86.Build.0 = Debug|x86
		{B500EB85-8A90-45BC-AA6E-448DABB187CC}.Release|Any CPU.ActiveCfg = Release|Any CPU
		{B500EB85-8A90-45BC-AA6E-448DABB187CC}.Release|Any CPU.Build.0 = Release|Any CPU
		{B500EB85-8A90-45BC-AA6E-448DABB187CC}.Release|ARM.ActiveCfg = Release|ARM
		{B500EB85-8A90-45BC-AA6E-448DABB187CC}.Release|ARM.Build.0 = Release|ARM
		{B500EB85-8A90-45BC-AA6E-448DABB187CC}.Release|x64.ActiveCfg = Release|x64
		{B500EB85-8A90-45BC-AA6E-448DABB187CC}.Release|x64.Build.0 = Release|x64
		{B500EB85-8A90-45BC-AA6E-448DABB187CC}.Release|x86.ActiveCfg = Release|x86
		{B500EB85-8A90-45BC-AA6E-448DABB187CC}.Release|x86.Build.0 = Release|x86
		{213D13F8-91BF-4EEF-AC5E-53F37B631810}.Debug|Any CPU.ActiveCfg = Debug|Any CPU
		{213D13F8-91BF-4EEF-AC5E-53F37B631810}.Debug|Any CPU.Build.0 = Debug|Any CPU
		{213D13F8-91BF-4EEF-AC5E-53F37B631810}.Debug|ARM.ActiveCfg = Debug|Any CPU
		{213D13F8-91BF-4EEF-AC5E-53F37B631810}.Debug|ARM.Build.0 = Debug|Any CPU
		{213D13F8-91BF-4EEF-AC5E-53F37B631810}.Debug|x64.ActiveCfg = Debug|Any CPU
		{213D13F8-91BF-4EEF-AC5E-53F37B631810}.Debug|x64.Build.0 = Debug|Any CPU
		{213D13F8-91BF-4EEF-AC5E-53F37B631810}.Debug|x86.ActiveCfg = Debug|Any CPU
		{213D13F8-91BF-4EEF-AC5E-53F37B631810}.Debug|x86.Build.0 = Debug|Any CPU
		{213D13F8-91BF-4EEF-AC5E-53F37B631810}.Release|Any CPU.ActiveCfg = Release|Any CPU
		{213D13F8-91BF-4EEF-AC5E-53F37B631810}.Release|Any CPU.Build.0 = Release|Any CPU
		{213D13F8-91BF-4EEF-AC5E-53F37B631810}.Release|ARM.ActiveCfg = Release|Any CPU
		{213D13F8-91BF-4EEF-AC5E-53F37B631810}.Release|ARM.Build.0 = Release|Any CPU
		{213D13F8-91BF-4EEF-AC5E-53F37B631810}.Release|x64.ActiveCfg = Release|Any CPU
		{213D13F8-91BF-4EEF-AC5E-53F37B631810}.Release|x64.Build.0 = Release|Any CPU
		{213D13F8-91BF-4EEF-AC5E-53F37B631810}.Release|x86.ActiveCfg = Release|Any CPU
		{213D13F8-91BF-4EEF-AC5E-53F37B631810}.Release|x86.Build.0 = Release|Any CPU
		{0ACAF795-9493-4251-AE48-2A11EDC483BA}.Debug|Any CPU.ActiveCfg = Debug|Any CPU
		{0ACAF795-9493-4251-AE48-2A11EDC483BA}.Debug|Any CPU.Build.0 = Debug|Any CPU
		{0ACAF795-9493-4251-AE48-2A11EDC483BA}.Debug|ARM.ActiveCfg = Debug|ARM
		{0ACAF795-9493-4251-AE48-2A11EDC483BA}.Debug|ARM.Build.0 = Debug|ARM
		{0ACAF795-9493-4251-AE48-2A11EDC483BA}.Debug|x64.ActiveCfg = Debug|x64
		{0ACAF795-9493-4251-AE48-2A11EDC483BA}.Debug|x64.Build.0 = Debug|x64
		{0ACAF795-9493-4251-AE48-2A11EDC483BA}.Debug|x86.ActiveCfg = Debug|x86
		{0ACAF795-9493-4251-AE48-2A11EDC483BA}.Debug|x86.Build.0 = Debug|x86
		{0ACAF795-9493-4251-AE48-2A11EDC483BA}.Release|Any CPU.ActiveCfg = Release|Any CPU
		{0ACAF795-9493-4251-AE48-2A11EDC483BA}.Release|Any CPU.Build.0 = Release|Any CPU
		{0ACAF795-9493-4251-AE48-2A11EDC483BA}.Release|ARM.ActiveCfg = Release|ARM
		{0ACAF795-9493-4251-AE48-2A11EDC483BA}.Release|ARM.Build.0 = Release|ARM
		{0ACAF795-9493-4251-AE48-2A11EDC483BA}.Release|x64.ActiveCfg = Release|x64
		{0ACAF795-9493-4251-AE48-2A11EDC483BA}.Release|x64.Build.0 = Release|x64
		{0ACAF795-9493-4251-AE48-2A11EDC483BA}.Release|x86.ActiveCfg = Release|x86
		{0ACAF795-9493-4251-AE48-2A11EDC483BA}.Release|x86.Build.0 = Release|x86
		{7BE70B2C-FD65-4769-A810-F8681E4478E4}.Debug|Any CPU.ActiveCfg = Debug|Any CPU
		{7BE70B2C-FD65-4769-A810-F8681E4478E4}.Debug|Any CPU.Build.0 = Debug|Any CPU
		{7BE70B2C-FD65-4769-A810-F8681E4478E4}.Debug|ARM.ActiveCfg = Debug|ARM
		{7BE70B2C-FD65-4769-A810-F8681E4478E4}.Debug|ARM.Build.0 = Debug|ARM
		{7BE70B2C-FD65-4769-A810-F8681E4478E4}.Debug|x64.ActiveCfg = Debug|x64
		{7BE70B2C-FD65-4769-A810-F8681E4478E4}.Debug|x64.Build.0 = Debug|x64
		{7BE70B2C-FD65-4769-A810-F8681E4478E4}.Debug|x86.ActiveCfg = Debug|x86
		{7BE70B2C-FD65-4769-A810-F8681E4478E4}.Debug|x86.Build.0 = Debug|x86
		{7BE70B2C-FD65-4769-A810-F8681E4478E4}.Release|Any CPU.ActiveCfg = Release|Any CPU
		{7BE70B2C-FD65-4769-A810-F8681E4478E4}.Release|Any CPU.Build.0 = Release|Any CPU
		{7BE70B2C-FD65-4769-A810-F8681E4478E4}.Release|ARM.ActiveCfg = Release|ARM
		{7BE70B2C-FD65-4769-A810-F8681E4478E4}.Release|ARM.Build.0 = Release|ARM
		{7BE70B2C-FD65-4769-A810-F8681E4478E4}.Release|x64.ActiveCfg = Release|x64
		{7BE70B2C-FD65-4769-A810-F8681E4478E4}.Release|x64.Build.0 = Release|x64
		{7BE70B2C-FD65-4769-A810-F8681E4478E4}.Release|x86.ActiveCfg = Release|x86
		{7BE70B2C-FD65-4769-A810-F8681E4478E4}.Release|x86.Build.0 = Release|x86
		{7F92BD3F-114B-431A-9B00-48AA60D22EAD}.Debug|Any CPU.ActiveCfg = Debug|Any CPU
		{7F92BD3F-114B-431A-9B00-48AA60D22EAD}.Debug|Any CPU.Build.0 = Debug|Any CPU
		{7F92BD3F-114B-431A-9B00-48AA60D22EAD}.Debug|ARM.ActiveCfg = Debug|ARM
		{7F92BD3F-114B-431A-9B00-48AA60D22EAD}.Debug|ARM.Build.0 = Debug|ARM
		{7F92BD3F-114B-431A-9B00-48AA60D22EAD}.Debug|x64.ActiveCfg = Debug|x64
		{7F92BD3F-114B-431A-9B00-48AA60D22EAD}.Debug|x64.Build.0 = Debug|x64
		{7F92BD3F-114B-431A-9B00-48AA60D22EAD}.Debug|x86.ActiveCfg = Debug|x86
		{7F92BD3F-114B-431A-9B00-48AA60D22EAD}.Debug|x86.Build.0 = Debug|x86
		{7F92BD3F-114B-431A-9B00-48AA60D22EAD}.Release|Any CPU.ActiveCfg = Release|Any CPU
		{7F92BD3F-114B-431A-9B00-48AA60D22EAD}.Release|Any CPU.Build.0 = Release|Any CPU
		{7F92BD3F-114B-431A-9B00-48AA60D22EAD}.Release|ARM.ActiveCfg = Release|ARM
		{7F92BD3F-114B-431A-9B00-48AA60D22EAD}.Release|ARM.Build.0 = Release|ARM
		{7F92BD3F-114B-431A-9B00-48AA60D22EAD}.Release|x64.ActiveCfg = Release|x64
		{7F92BD3F-114B-431A-9B00-48AA60D22EAD}.Release|x64.Build.0 = Release|x64
		{7F92BD3F-114B-431A-9B00-48AA60D22EAD}.Release|x86.ActiveCfg = Release|x86
		{7F92BD3F-114B-431A-9B00-48AA60D22EAD}.Release|x86.Build.0 = Release|x86
		{174A9F97-1DD6-4D50-8CD4-2052C525EF5A}.Debug|Any CPU.ActiveCfg = Debug|Any CPU
		{174A9F97-1DD6-4D50-8CD4-2052C525EF5A}.Debug|Any CPU.Build.0 = Debug|Any CPU
		{174A9F97-1DD6-4D50-8CD4-2052C525EF5A}.Debug|ARM.ActiveCfg = Debug|ARM
		{174A9F97-1DD6-4D50-8CD4-2052C525EF5A}.Debug|ARM.Build.0 = Debug|ARM
		{174A9F97-1DD6-4D50-8CD4-2052C525EF5A}.Debug|x64.ActiveCfg = Debug|x64
		{174A9F97-1DD6-4D50-8CD4-2052C525EF5A}.Debug|x64.Build.0 = Debug|x64
		{174A9F97-1DD6-4D50-8CD4-2052C525EF5A}.Debug|x86.ActiveCfg = Debug|x86
		{174A9F97-1DD6-4D50-8CD4-2052C525EF5A}.Debug|x86.Build.0 = Debug|x86
		{174A9F97-1DD6-4D50-8CD4-2052C525EF5A}.Release|Any CPU.ActiveCfg = Release|Any CPU
		{174A9F97-1DD6-4D50-8CD4-2052C525EF5A}.Release|Any CPU.Build.0 = Release|Any CPU
		{174A9F97-1DD6-4D50-8CD4-2052C525EF5A}.Release|ARM.ActiveCfg = Release|ARM
		{174A9F97-1DD6-4D50-8CD4-2052C525EF5A}.Release|ARM.Build.0 = Release|ARM
		{174A9F97-1DD6-4D50-8CD4-2052C525EF5A}.Release|x64.ActiveCfg = Release|x64
		{174A9F97-1DD6-4D50-8CD4-2052C525EF5A}.Release|x64.Build.0 = Release|x64
		{174A9F97-1DD6-4D50-8CD4-2052C525EF5A}.Release|x86.ActiveCfg = Release|x86
		{174A9F97-1DD6-4D50-8CD4-2052C525EF5A}.Release|x86.Build.0 = Release|x86
	EndGlobalSection
	GlobalSection(SolutionProperties) = preSolution
		HideSolutionNode = FALSE
	EndGlobalSection
	GlobalSection(ExtensibilityGlobals) = postSolution
		SolutionGuid = {31DBD305-A46B-4BAE-8E17-72B3BEEA7A88}
	EndGlobalSection
EndGlobal
