
Microsoft Visual Studio Solution File, Format Version 12.00
# Visual Studio 15
VisualStudioVersion = 15.0.27130.2010
MinimumVisualStudioVersion = 10.0.40219.1
Project("{FAE04EC0-301F-11D3-BF4B-00C04F79EFBC}") = "HueBridgeSimulatorTestApp", "HueBridgeSimulatorTestApp\HueBridgeSimulatorTestApp.csproj", "{DC0C6508-AB7C-4F21-99BC-A91087543610}"
EndProject
Global
	GlobalSection(SolutionConfigurationPlatforms) = preSolution
		Debug|ARM = Debug|ARM
		Debug|x64 = Debug|x64
		Debug|x86 = Debug|x86
		Release|ARM = Release|ARM
		Release|x64 = Release|x64
		Release|x86 = Release|x86
	EndGlobalSection
	GlobalSection(ProjectConfigurationPlatforms) = postSolution
		{DC0C6508-AB7C-4F21-99BC-A91087543610}.Debug|ARM.ActiveCfg = Debug|ARM
		{DC0C6508-AB7C-4F21-99BC-A91087543610}.Debug|ARM.Build.0 = Debug|ARM
		{DC0C6508-AB7C-4F21-99BC-A91087543610}.Debug|ARM.Deploy.0 = Debug|ARM
		{DC0C6508-AB7C-4F21-99BC-A91087543610}.Debug|x64.ActiveCfg = Debug|x64
		{DC0C6508-AB7C-4F21-99BC-A91087543610}.Debug|x64.Build.0 = Debug|x64
		{DC0C6508-AB7C-4F21-99BC-A91087543610}.Debug|x64.Deploy.0 = Debug|x64
		{DC0C6508-AB7C-4F21-99BC-A91087543610}.Debug|x86.ActiveCfg = Debug|x86
		{DC0C6508-AB7C-4F21-99BC-A91087543610}.Debug|x86.Build.0 = Debug|x86
		{DC0C6508-AB7C-4F21-99BC-A91087543610}.Debug|x86.Deploy.0 = Debug|x86
		{DC0C6508-AB7C-4F21-99BC-A91087543610}.Release|ARM.ActiveCfg = Release|ARM
		{DC0C6508-AB7C-4F21-99BC-A91087543610}.Release|ARM.Build.0 = Release|ARM
		{DC0C6508-AB7C-4F21-99BC-A91087543610}.Release|ARM.Deploy.0 = Release|ARM
		{DC0C6508-AB7C-4F21-99BC-A91087543610}.Release|x64.ActiveCfg = Release|x64
		{DC0C6508-AB7C-4F21-99BC-A91087543610}.Release|x64.Build.0 = Release|x64
		{DC0C6508-AB7C-4F21-99BC-A91087543610}.Release|x64.Deploy.0 = Release|x64
		{DC0C6508-AB7C-4F21-99BC-A91087543610}.Release|x86.ActiveCfg = Release|x86
		{DC0C6508-AB7C-4F21-99BC-A91087543610}.Release|x86.Build.0 = Release|x86
		{DC0C6508-AB7C-4F21-99BC-A91087543610}.Release|x86.Deploy.0 = Release|x86
	EndGlobalSection
	GlobalSection(SolutionProperties) = preSolution
		HideSolutionNode = FALSE
	EndGlobalSection
	GlobalSection(ExtensibilityGlobals) = postSolution
		SolutionGuid = {9E9EE189-79F1-47E1-81DA-C3529FB82382}
	EndGlobalSection
EndGlobal
