
Microsoft Visual Studio Solution File, Format Version 12.00
# Visual Studio 15
VisualStudioVersion = 15.0.26014.0
MinimumVisualStudioVersion = 10.0.40219.1
Project("{FAE04EC0-301F-11D3-BF4B-00C04F79EFBC}") = "W10Home.WebApp", "W10Home.WebApp\W10Home.WebApp.csproj", "{88D70CF5-DA46-4568-8055-2DC337144B33}"
EndProject
Project("{FAE04EC0-301F-11D3-BF4B-00C04F79EFBC}") = "W10Home.Plugin.AzureIoTHub", "W10Home.Plugin.AzureIoTHub\W10Home.Plugin.AzureIoTHub.csproj", "{7BE70B2C-FD65-4769-A810-F8681E4478E4}"
EndProject
Project("{FAE04EC0-301F-11D3-BF4B-00C04F79EFBC}") = "W10Home.Core", "W10Home.Core\W10Home.Core.csproj", "{48F2BFD9-0F10-4609-9B33-F8D99E7C5F6D}"
EndProject
Project("{FAE04EC0-301F-11D3-BF4B-00C04F79EFBC}") = "W10Home.Plugin.ETATouch", "W10Home.Plugin.ETATouch\W10Home.Plugin.ETATouch.csproj", "{7F92BD3F-114B-431A-9B00-48AA60D22EAD}"
EndProject
Project("{FAE04EC0-301F-11D3-BF4B-00C04F79EFBC}") = "W10Home.Plugin.Twilio", "W10Home.Plugin.Twilio\W10Home.Plugin.Twilio.csproj", "{106B0C81-2FD4-45EC-A72C-2E5E6679A576}"
EndProject
Global
	GlobalSection(SolutionConfigurationPlatforms) = preSolution
		Debug|Any CPU = Debug|Any CPU
		Debug|ARM = Debug|ARM
		Debug|x64 = Debug|x64
		Debug|x86 = Debug|x86
		Release|Any CPU = Release|Any CPU
		Release|ARM = Release|ARM
		Release|x64 = Release|x64
		Release|x86 = Release|x86
	EndGlobalSection
	GlobalSection(ProjectConfigurationPlatforms) = postSolution
		{88D70CF5-DA46-4568-8055-2DC337144B33}.Debug|Any CPU.ActiveCfg = Debug|x86
		{88D70CF5-DA46-4568-8055-2DC337144B33}.Debug|ARM.ActiveCfg = Debug|ARM
		{88D70CF5-DA46-4568-8055-2DC337144B33}.Debug|ARM.Build.0 = Debug|ARM
		{88D70CF5-DA46-4568-8055-2DC337144B33}.Debug|ARM.Deploy.0 = Debug|ARM
		{88D70CF5-DA46-4568-8055-2DC337144B33}.Debug|x64.ActiveCfg = Debug|x64
		{88D70CF5-DA46-4568-8055-2DC337144B33}.Debug|x64.Build.0 = Debug|x64
		{88D70CF5-DA46-4568-8055-2DC337144B33}.Debug|x64.Deploy.0 = Debug|x64
		{88D70CF5-DA46-4568-8055-2DC337144B33}.Debug|x86.ActiveCfg = Debug|x86
		{88D70CF5-DA46-4568-8055-2DC337144B33}.Debug|x86.Build.0 = Debug|x86
		{88D70CF5-DA46-4568-8055-2DC337144B33}.Debug|x86.Deploy.0 = Debug|x86
		{88D70CF5-DA46-4568-8055-2DC337144B33}.Release|Any CPU.ActiveCfg = Release|x86
		{88D70CF5-DA46-4568-8055-2DC337144B33}.Release|ARM.ActiveCfg = Release|ARM
		{88D70CF5-DA46-4568-8055-2DC337144B33}.Release|ARM.Build.0 = Release|ARM
		{88D70CF5-DA46-4568-8055-2DC337144B33}.Release|ARM.Deploy.0 = Release|ARM
		{88D70CF5-DA46-4568-8055-2DC337144B33}.Release|x64.ActiveCfg = Release|x64
		{88D70CF5-DA46-4568-8055-2DC337144B33}.Release|x64.Build.0 = Release|x64
		{88D70CF5-DA46-4568-8055-2DC337144B33}.Release|x64.Deploy.0 = Release|x64
		{88D70CF5-DA46-4568-8055-2DC337144B33}.Release|x86.ActiveCfg = Release|x86
		{88D70CF5-DA46-4568-8055-2DC337144B33}.Release|x86.Build.0 = Release|x86
		{88D70CF5-DA46-4568-8055-2DC337144B33}.Release|x86.Deploy.0 = Release|x86
		{7BE70B2C-FD65-4769-A810-F8681E4478E4}.Debug|Any CPU.ActiveCfg = Debug|Any CPU
		{7BE70B2C-FD65-4769-A810-F8681E4478E4}.Debug|Any CPU.Build.0 = Debug|Any CPU
		{7BE70B2C-FD65-4769-A810-F8681E4478E4}.Debug|ARM.ActiveCfg = Debug|ARM
		{7BE70B2C-FD65-4769-A810-F8681E4478E4}.Debug|ARM.Build.0 = Debug|ARM
		{7BE70B2C-FD65-4769-A810-F8681E4478E4}.Debug|x64.ActiveCfg = Debug|x64
		{7BE70B2C-FD65-4769-A810-F8681E4478E4}.Debug|x64.Build.0 = Debug|x64
		{7BE70B2C-FD65-4769-A810-F8681E4478E4}.Debug|x86.ActiveCfg = Debug|x86
		{7BE70B2C-FD65-4769-A810-F8681E4478E4}.Debug|x86.Build.0 = Debug|x86
		{7BE70B2C-FD65-4769-A810-F8681E4478E4}.Release|Any CPU.ActiveCfg = Release|Any CPU
		{7BE70B2C-FD65-4769-A810-F8681E4478E4}.Release|Any CPU.Build.0 = Release|Any CPU
		{7BE70B2C-FD65-4769-A810-F8681E4478E4}.Release|ARM.ActiveCfg = Release|ARM
		{7BE70B2C-FD65-4769-A810-F8681E4478E4}.Release|ARM.Build.0 = Release|ARM
		{7BE70B2C-FD65-4769-A810-F8681E4478E4}.Release|x64.ActiveCfg = Release|x64
		{7BE70B2C-FD65-4769-A810-F8681E4478E4}.Release|x64.Build.0 = Release|x64
		{7BE70B2C-FD65-4769-A810-F8681E4478E4}.Release|x86.ActiveCfg = Release|x86
		{7BE70B2C-FD65-4769-A810-F8681E4478E4}.Release|x86.Build.0 = Release|x86
		{48F2BFD9-0F10-4609-9B33-F8D99E7C5F6D}.Debug|Any CPU.ActiveCfg = Debug|Any CPU
		{48F2BFD9-0F10-4609-9B33-F8D99E7C5F6D}.Debug|Any CPU.Build.0 = Debug|Any CPU
		{48F2BFD9-0F10-4609-9B33-F8D99E7C5F6D}.Debug|ARM.ActiveCfg = Debug|ARM
		{48F2BFD9-0F10-4609-9B33-F8D99E7C5F6D}.Debug|ARM.Build.0 = Debug|ARM
		{48F2BFD9-0F10-4609-9B33-F8D99E7C5F6D}.Debug|x64.ActiveCfg = Debug|x64
		{48F2BFD9-0F10-4609-9B33-F8D99E7C5F6D}.Debug|x64.Build.0 = Debug|x64
		{48F2BFD9-0F10-4609-9B33-F8D99E7C5F6D}.Debug|x86.ActiveCfg = Debug|x86
		{48F2BFD9-0F10-4609-9B33-F8D99E7C5F6D}.Debug|x86.Build.0 = Debug|x86
		{48F2BFD9-0F10-4609-9B33-F8D99E7C5F6D}.Release|Any CPU.ActiveCfg = Release|Any CPU
		{48F2BFD9-0F10-4609-9B33-F8D99E7C5F6D}.Release|Any CPU.Build.0 = Release|Any CPU
		{48F2BFD9-0F10-4609-9B33-F8D99E7C5F6D}.Release|ARM.ActiveCfg = Release|ARM
		{48F2BFD9-0F10-4609-9B33-F8D99E7C5F6D}.Release|ARM.Build.0 = Release|ARM
		{48F2BFD9-0F10-4609-9B33-F8D99E7C5F6D}.Release|x64.ActiveCfg = Release|x64
		{48F2BFD9-0F10-4609-9B33-F8D99E7C5F6D}.Release|x64.Build.0 = Release|x64
		{48F2BFD9-0F10-4609-9B33-F8D99E7C5F6D}.Release|x86.ActiveCfg = Release|x86
		{48F2BFD9-0F10-4609-9B33-F8D99E7C5F6D}.Release|x86.Build.0 = Release|x86
		{7F92BD3F-114B-431A-9B00-48AA60D22EAD}.Debug|Any CPU.ActiveCfg = Debug|Any CPU
		{7F92BD3F-114B-431A-9B00-48AA60D22EAD}.Debug|Any CPU.Build.0 = Debug|Any CPU
		{7F92BD3F-114B-431A-9B00-48AA60D22EAD}.Debug|ARM.ActiveCfg = Debug|ARM
		{7F92BD3F-114B-431A-9B00-48AA60D22EAD}.Debug|ARM.Build.0 = Debug|ARM
		{7F92BD3F-114B-431A-9B00-48AA60D22EAD}.Debug|x64.ActiveCfg = Debug|x64
		{7F92BD3F-114B-431A-9B00-48AA60D22EAD}.Debug|x64.Build.0 = Debug|x64
		{7F92BD3F-114B-431A-9B00-48AA60D22EAD}.Debug|x86.ActiveCfg = Debug|x86
		{7F92BD3F-114B-431A-9B00-48AA60D22EAD}.Debug|x86.Build.0 = Debug|x86
		{7F92BD3F-114B-431A-9B00-48AA60D22EAD}.Release|Any CPU.ActiveCfg = Release|Any CPU
		{7F92BD3F-114B-431A-9B00-48AA60D22EAD}.Release|Any CPU.Build.0 = Release|Any CPU
		{7F92BD3F-114B-431A-9B00-48AA60D22EAD}.Release|ARM.ActiveCfg = Release|ARM
		{7F92BD3F-114B-431A-9B00-48AA60D22EAD}.Release|ARM.Build.0 = Release|ARM
		{7F92BD3F-114B-431A-9B00-48AA60D22EAD}.Release|x64.ActiveCfg = Release|x64
		{7F92BD3F-114B-431A-9B00-48AA60D22EAD}.Release|x64.Build.0 = Release|x64
		{7F92BD3F-114B-431A-9B00-48AA60D22EAD}.Release|x86.ActiveCfg = Release|x86
		{7F92BD3F-114B-431A-9B00-48AA60D22EAD}.Release|x86.Build.0 = Release|x86
		{106B0C81-2FD4-45EC-A72C-2E5E6679A576}.Debug|Any CPU.ActiveCfg = Debug|Any CPU
		{106B0C81-2FD4-45EC-A72C-2E5E6679A576}.Debug|Any CPU.Build.0 = Debug|Any CPU
		{106B0C81-2FD4-45EC-A72C-2E5E6679A576}.Debug|ARM.ActiveCfg = Debug|ARM
		{106B0C81-2FD4-45EC-A72C-2E5E6679A576}.Debug|ARM.Build.0 = Debug|ARM
		{106B0C81-2FD4-45EC-A72C-2E5E6679A576}.Debug|x64.ActiveCfg = Debug|x64
		{106B0C81-2FD4-45EC-A72C-2E5E6679A576}.Debug|x64.Build.0 = Debug|x64
		{106B0C81-2FD4-45EC-A72C-2E5E6679A576}.Debug|x86.ActiveCfg = Debug|x86
		{106B0C81-2FD4-45EC-A72C-2E5E6679A576}.Debug|x86.Build.0 = Debug|x86
		{106B0C81-2FD4-45EC-A72C-2E5E6679A576}.Release|Any CPU.ActiveCfg = Release|Any CPU
		{106B0C81-2FD4-45EC-A72C-2E5E6679A576}.Release|Any CPU.Build.0 = Release|Any CPU
		{106B0C81-2FD4-45EC-A72C-2E5E6679A576}.Release|ARM.ActiveCfg = Release|ARM
		{106B0C81-2FD4-45EC-A72C-2E5E6679A576}.Release|ARM.Build.0 = Release|ARM
		{106B0C81-2FD4-45EC-A72C-2E5E6679A576}.Release|x64.ActiveCfg = Release|x64
		{106B0C81-2FD4-45EC-A72C-2E5E6679A576}.Release|x64.Build.0 = Release|x64
		{106B0C81-2FD4-45EC-A72C-2E5E6679A576}.Release|x86.ActiveCfg = Release|x86
		{106B0C81-2FD4-45EC-A72C-2E5E6679A576}.Release|x86.Build.0 = Release|x86
	EndGlobalSection
	GlobalSection(SolutionProperties) = preSolution
		HideSolutionNode = FALSE
	EndGlobalSection
EndGlobal
